{
    "_readme": [
        "This file locks the dependencies of your project to a known state",
        "Read more about it at https://getcomposer.org/doc/01-basic-usage.md#installing-dependencies",
        "This file is @generated automatically"
    ],
    "content-hash": "e61d377bf956781815e9faee0de83c0e",
    "packages": [
        {
            "name": "phpstan/phpstan",
            "version": "2.2.9",
            "dist": {
                "type": "zip",
                "url": "https://api.github.com/repos/phpstan/phpstan/zipball/13d6b4f347bad222da436580c8304fa6f83e6bd0",
                "reference": "13d6b4f347bad222da436580c8304fa6f83e6bd0",
                "shasum": ""
            },
            "require": {
                "php": "^7.4|^8.0"
            },
            "conflict": {
                "phpstan/phpstan-shim": "*"
            },
            "bin": [
                "phpstan",
                "phpstan.phar"
            ],
            "type": "library",
            "autoload": {
                "files": [
                    "bootstrap.php"
                ]
            },
            "notification-url": "https://packagist.org/downloads/",
            "license": [
                "MIT"
            ],
            "authors": [
                {
                    "name": "Ondřej Mirtes"
                },
                {
                    "name": "Markus Staab"
                },
                {
                    "name": "Vincent Langlet"
                }
            ],
            "description": "PHPStan - PHP Static Analysis Tool",
            "keywords": [
                "dev",
                "static analysis"
            ],
            "support": {
                "docs": "https://phpstan.org/user-guide/getting-started",
                "forum": "https://github.com/phpstan/phpstan/discussions",
                "issues": "https://github.com/phpstan/phpstan/issues",
                "security": "https://github.com/phpstan/phpstan/security/policy",
                "source": "https://github.com/phpstan/phpstan-src"
            },
            "funding": [
                {
                    "url": "https://github.com/ondrejmirtes",
                    "type": "github"
                },
                {
                    "url": "https://github.com/phpstan",
                    "type": "github"
                }
            ],
            "time": "2026-08-22T07:38:16+00:00"
        },
        {
            "name": "rector/rector",
            "version": "2.6.3",
            "source": {
                "type": "git",
                "url": "https://github.com/rectorphp/rector.git",
                "reference": "7e46709996a4b3dc59e1d6ecbb6a38ace335bd58"
            },
            "dist": {
                "type": "zip",
                "url": "https://api.github.com/repos/rectorphp/rector/zipball/7e46709996a4b3dc59e1d6ecbb6a38ace335bd58",
                "reference": "7e46709996a4b3dc59e1d6ecbb6a38ace335bd58",
                "shasum": ""
            },
            "require": {
                "php": "^7.4|^8.0",
                "phpstan/phpstan": "^2.2.6"
            },
            "conflict": {
                "rector/rector-doctrine": "*",
                "rector/rector-downgrade-php": "*",
                "rector/rector-phpunit": "*",
                "rector/rector-symfony": "*"
            },
            "suggest": {
                "ext-dom": "To manipulate phpunit.xml via the custom-rule command"
            },
            "bin": [
                "bin/rector"
            ],
            "type": "library",
            "autoload": {
                "files": [
                    "bootstrap.php"
                ]
            },
            "notification-url": "https://packagist.org/downloads/",
            "license": [
                "MIT"
            ],
            "description": "Instant Upgrade and Automated Refactoring of any PHP code",
            "homepage": "https://getrector.com/",
            "keywords": [
                "automation",
                "dev",
                "migration",
                "refactoring"
            ],
            "support": {
                "issues": "https://github.com/rectorphp/rector/issues",
                "source": "https://github.com/rectorphp/rector/tree/2.6.3"
            },
            "funding": [
                {
                    "url": "https://github.com/tomasvotruba",
                    "type": "github"
                }
            ],
            "time": "2026-08-18T22:01:18+00:00"
        }
    ],
    "packages-dev": [
        {
            "name": "php-cs-fixer/shim",
            "version": "v3.95.23",
            "source": {
                "type": "git",
                "url": "https://github.com/PHP-CS-Fixer/shim.git",
                "reference": "08339736dd8101eb432d6116ffaeaf54a150a764"
            },
            "dist": {
                "type": "zip",
                "url": "https://api.github.com/repos/PHP-CS-Fixer/shim/zipball/08339736dd8101eb432d6116ffaeaf54a150a764",
                "reference": "08339736dd8101eb432d6116ffaeaf54a150a764",
                "shasum": ""
            },
            "require": {
                "ext-json": "*",
                "ext-tokenizer": "*",
                "php": "^7.4 || ^8.0"
            },
            "replace": {
                "friendsofphp/php-cs-fixer": "self.version"
            },
            "suggest": {
                "ext-dom": "For handling output formats in XML",
                "ext-mbstring": "For handling non-UTF8 characters."
            },
            "bin": [
                "php-cs-fixer",
                "php-cs-fixer.phar"
            ],
            "type": "application",
            "notification-url": "https://packagist.org/downloads/",
            "license": [
                "MIT"
            ],
            "authors": [
                {
                    "name": "Fabien Potencier",
                    "email": "fabien@symfony.com"
                },
                {
                    "name": "Dariusz Rumiński",
                    "email": "dariusz.ruminski@gmail.com"
                }
            ],
            "description": "A tool to automatically fix PHP code style",
            "support": {
                "issues": "https://github.com/PHP-CS-Fixer/shim/issues",
                "source": "https://github.com/PHP-CS-Fixer/shim/tree/v3.95.23"
            },
            "funding": [
                {
                    "url": "https://github.com/keradus",
                    "type": "github"
                }
            ],
            "time": "2026-08-26T19:55:22+00:00"
        }
    ],
    "aliases": [],
    "minimum-stability": "stable",
    "stability-flags": {},
    "prefer-stable": false,
    "prefer-lowest": false,
    "platform": {
        "php": ">=8.2"
    },
    "platform-dev": {},
    "plugin-api-version": "2.9.0"
}
